# THIS IS AN AUTOGENERATED FILE. DO NOT EDIT THIS FILE DIRECTLY.
# yarn lockfile v1


"@braintree/wrap-promise@1.1.1":
  version "1.1.1"
  resolved "https://registry.yarnpkg.com/@braintree/wrap-promise/-/wrap-promise-1.1.1.tgz#d22c76855e6d4b4012610060421fae1a37ec90b0"

braintree@^2.3.0:
  version "2.3.0"
  resolved "https://registry.yarnpkg.com/braintree/-/braintree-2.3.0.tgz#2e6ccf2b0a20fb5db947937b9349b5c58e5343e3"
  dependencies:
    "@braintree/wrap-promise" "1.1.1"
    dateformat "1.0.1-1.2.3"
    depd "~1.1.0"
    readable-stream "1.1.10"
    semver "5.1.0"
    underscore "1.8.3"
    xml2js "0.1.13"

core-util-is@~1.0.0:
  version "1.0.2"
  resolved "https://registry.yarnpkg.com/core-util-is/-/core-util-is-1.0.2.tgz#b5fd54220aa2bc5ab57aab7140c940754503c1a7"

dateformat@1.0.1-1.2.3:
  version "1.0.1-1.2.3"
  resolved "https://registry.yarnpkg.com/dateformat/-/dateformat-1.0.1-1.2.3.tgz#2e5d03039eca89f9d8797f99389de5fb0f4aa2fc"

debuglog@0.0.2:
  version "0.0.2"
  resolved "https://registry.yarnpkg.com/debuglog/-/debuglog-0.0.2.tgz#6c0dcf07e2c3f74524629b741668bd46c7b362eb"

depd@~1.1.0:
  version "1.1.1"
  resolved "https://registry.yarnpkg.com/depd/-/depd-1.1.1.tgz#5783b4e1c459f06fa5ca27f991f3d06e7a310359"

dotenv@^4.0.0:
  version "4.0.0"
  resolved "https://registry.yarnpkg.com/dotenv/-/dotenv-4.0.0.tgz#864ef1379aced55ce6f95debecdce179f7a0cd1d"

readable-stream@1.1.10:
  version "1.1.10"
  resolved "https://registry.yarnpkg.com/readable-stream/-/readable-stream-1.1.10.tgz#d4dc2e5319e9c90d1e71c69390ef62cd90827f65"
  dependencies:
    core-util-is "~1.0.0"
    string_decoder "~0.10.x"
  optionalDependencies:
    debuglog "0.0.2"

sax@>=0.1.1:
  version "1.2.4"
  resolved "https://registry.yarnpkg.com/sax/-/sax-1.2.4.tgz#2816234e2378bddc4e5354fab5caa895df7100d9"

semver@5.1.0:
  version "5.1.0"
  resolved "https://registry.yarnpkg.com/semver/-/semver-5.1.0.tgz#85f2cf8550465c4df000cf7d86f6b054106ab9e5"

string_decoder@~0.10.x:
  version "0.10.31"
  resolved "https://registry.yarnpkg.com/string_decoder/-/string_decoder-0.10.31.tgz#62e203bc41766c6c28c9fc84301dab1c5310fa94"

underscore@1.8.3:
  version "1.8.3"
  resolved "https://registry.yarnpkg.com/underscore/-/underscore-1.8.3.tgz#4f3fb53b106e6097fcf9cb4109f2a5e9bdfa5022"

xml2js@0.1.13:
  version "0.1.13"
  resolved "https://registry.yarnpkg.com/xml2js/-/xml2js-0.1.13.tgz#438ff3b1d85a51ad659ffc2ebe83403e10c98722"
  dependencies:
    sax ">=0.1.1"
